
Microsoft Visual Studio Solution File, Format Version 12.00
# Visual Studio 2012
Project("{FAE04EC0-301F-11D3-BF4B-00C04F79EFBC}") = "ksp-advanced-flybywire_x64", "ksp-advanced-flybywire_x64.csproj", "{32E769CC-F89C-4AE9-B030-4ABF1EFC1D97}"
EndProject
Project("{FAE04EC0-301F-11D3-BF4B-00C04F79EFBC}") = "ksp-advanced-flybywire_x86", "ksp-advanced-flybywire_x86.csproj", "{44FB8186-47F3-4807-9BE9-FE8B52AD0DEB}"
EndProject
Global
	GlobalSection(SolutionConfigurationPlatforms) = preSolution
		Debug|BuildConfig = Debug|BuildConfig
		Release|BuildConfig = Release|BuildConfig
	EndGlobalSection
	GlobalSection(ProjectConfigurationPlatforms) = postSolution
		{32E769CC-F89C-4AE9-B030-4ABF1EFC1D97}.Debug|BuildConfig.ActiveCfg = Debug|Any CPU
		{32E769CC-F89C-4AE9-B030-4ABF1EFC1D97}.Release|BuildConfig.ActiveCfg = Release|Any CPU
		{32E769CC-F89C-4AE9-B030-4ABF1EFC1D97}.Release|BuildConfig.Build.0 = Release|Any CPU
		{44FB8186-47F3-4807-9BE9-FE8B52AD0DEB}.Debug|BuildConfig.ActiveCfg = Debug|Any CPU
		{44FB8186-47F3-4807-9BE9-FE8B52AD0DEB}.Release|BuildConfig.ActiveCfg = Release|Any CPU
		{44FB8186-47F3-4807-9BE9-FE8B52AD0DEB}.Release|BuildConfig.Build.0 = Release|Any CPU
	EndGlobalSection
	GlobalSection(SolutionProperties) = preSolution
		HideSolutionNode = FALSE
	EndGlobalSection
EndGlobal
