
Microsoft Visual Studio Solution File, Format Version 12.00
# Visual Studio 2012
Project("{FAE04EC0-301F-11D3-BF4B-00C04F79EFBC}") = "ksp-advanced-flybywire_x64", "ksp-advanced-flybywire_x64.csproj", "{32E769CC-F89C-4AE9-B030-4ABF1EFC1D97}"
EndProject
Project("{FAE04EC0-301F-11D3-BF4B-00C04F79EFBC}") = "ksp-advanced-flybywire_x86", "ksp-advanced-flybywire_x86.csproj", "{44FB8186-47F3-4807-9BE9-FE8B52AD0DEB}"
EndProject
Project("{FAE04EC0-301F-11D3-BF4B-00C04F79EFBC}") = "ksp-advanced-flybywire_x64_linux", "ksp-advanced-flybywire_x64_linux.csproj", "{1C84F0AB-CF76-4C5A-A330-4436C323707E}"
EndProject
Project("{FAE04EC0-301F-11D3-BF4B-00C04F79EFBC}") = "ksp-advanced-flybywire_x86_linux", "ksp-advanced-flybywire_x86_linux.csproj", "{C4BAF0C4-E0D3-4246-9CC0-2DE5B6E962FD}"
EndProject
Global
	GlobalSection(SolutionConfigurationPlatforms) = preSolution
		Debug|Any CPU = Debug|Any CPU
		Debug|BuildConfig = Debug|BuildConfig
		Debug|Mixed Platforms = Debug|Mixed Platforms
		Release|Any CPU = Release|Any CPU
		Release|BuildConfig = Release|BuildConfig
		Release|Mixed Platforms = Release|Mixed Platforms
	EndGlobalSection
	GlobalSection(ProjectConfigurationPlatforms) = postSolution
		{32E769CC-F89C-4AE9-B030-4ABF1EFC1D97}.Debug|Any CPU.ActiveCfg = Debug|Any CPU
		{32E769CC-F89C-4AE9-B030-4ABF1EFC1D97}.Debug|Any CPU.Build.0 = Debug|Any CPU
		{32E769CC-F89C-4AE9-B030-4ABF1EFC1D97}.Debug|BuildConfig.ActiveCfg = Debug|Any CPU
		{32E769CC-F89C-4AE9-B030-4ABF1EFC1D97}.Debug|Mixed Platforms.ActiveCfg = Debug|Any CPU
		{32E769CC-F89C-4AE9-B030-4ABF1EFC1D97}.Debug|Mixed Platforms.Build.0 = Debug|Any CPU
		{32E769CC-F89C-4AE9-B030-4ABF1EFC1D97}.Release|Any CPU.ActiveCfg = Release|Any CPU
		{32E769CC-F89C-4AE9-B030-4ABF1EFC1D97}.Release|Any CPU.Build.0 = Release|Any CPU
		{32E769CC-F89C-4AE9-B030-4ABF1EFC1D97}.Release|BuildConfig.ActiveCfg = Release|Any CPU
		{32E769CC-F89C-4AE9-B030-4ABF1EFC1D97}.Release|BuildConfig.Build.0 = Release|Any CPU
		{32E769CC-F89C-4AE9-B030-4ABF1EFC1D97}.Release|Mixed Platforms.ActiveCfg = Release|Any CPU
		{32E769CC-F89C-4AE9-B030-4ABF1EFC1D97}.Release|Mixed Platforms.Build.0 = Release|Any CPU
		{44FB8186-47F3-4807-9BE9-FE8B52AD0DEB}.Debug|Any CPU.ActiveCfg = Debug|Any CPU
		{44FB8186-47F3-4807-9BE9-FE8B52AD0DEB}.Debug|Any CPU.Build.0 = Debug|Any CPU
		{44FB8186-47F3-4807-9BE9-FE8B52AD0DEB}.Debug|BuildConfig.ActiveCfg = Debug|Any CPU
		{44FB8186-47F3-4807-9BE9-FE8B52AD0DEB}.Debug|Mixed Platforms.ActiveCfg = Debug|Any CPU
		{44FB8186-47F3-4807-9BE9-FE8B52AD0DEB}.Debug|Mixed Platforms.Build.0 = Debug|Any CPU
		{44FB8186-47F3-4807-9BE9-FE8B52AD0DEB}.Release|Any CPU.ActiveCfg = Release|Any CPU
		{44FB8186-47F3-4807-9BE9-FE8B52AD0DEB}.Release|Any CPU.Build.0 = Release|Any CPU
		{44FB8186-47F3-4807-9BE9-FE8B52AD0DEB}.Release|BuildConfig.ActiveCfg = Release|Any CPU
		{44FB8186-47F3-4807-9BE9-FE8B52AD0DEB}.Release|BuildConfig.Build.0 = Release|Any CPU
		{44FB8186-47F3-4807-9BE9-FE8B52AD0DEB}.Release|Mixed Platforms.ActiveCfg = Release|Any CPU
		{44FB8186-47F3-4807-9BE9-FE8B52AD0DEB}.Release|Mixed Platforms.Build.0 = Release|Any CPU
		{1C84F0AB-CF76-4C5A-A330-4436C323707E}.Debug|Any CPU.ActiveCfg = Debug|Any CPU
		{1C84F0AB-CF76-4C5A-A330-4436C323707E}.Debug|Any CPU.Build.0 = Debug|Any CPU
		{1C84F0AB-CF76-4C5A-A330-4436C323707E}.Debug|BuildConfig.ActiveCfg = Debug|Any CPU
		{1C84F0AB-CF76-4C5A-A330-4436C323707E}.Debug|Mixed Platforms.ActiveCfg = Debug|Any CPU
		{1C84F0AB-CF76-4C5A-A330-4436C323707E}.Debug|Mixed Platforms.Build.0 = Debug|Any CPU
		{1C84F0AB-CF76-4C5A-A330-4436C323707E}.Release|Any CPU.ActiveCfg = Release|Any CPU
		{1C84F0AB-CF76-4C5A-A330-4436C323707E}.Release|Any CPU.Build.0 = Release|Any CPU
		{1C84F0AB-CF76-4C5A-A330-4436C323707E}.Release|BuildConfig.ActiveCfg = Release|Any CPU
		{1C84F0AB-CF76-4C5A-A330-4436C323707E}.Release|Mixed Platforms.ActiveCfg = Release|Any CPU
		{1C84F0AB-CF76-4C5A-A330-4436C323707E}.Release|Mixed Platforms.Build.0 = Release|Any CPU
		{C4BAF0C4-E0D3-4246-9CC0-2DE5B6E962FD}.Debug|Any CPU.ActiveCfg = Debug|Any CPU
		{C4BAF0C4-E0D3-4246-9CC0-2DE5B6E962FD}.Debug|Any CPU.Build.0 = Debug|Any CPU
		{C4BAF0C4-E0D3-4246-9CC0-2DE5B6E962FD}.Debug|BuildConfig.ActiveCfg = Debug|Any CPU
		{C4BAF0C4-E0D3-4246-9CC0-2DE5B6E962FD}.Debug|Mixed Platforms.ActiveCfg = Debug|Any CPU
		{C4BAF0C4-E0D3-4246-9CC0-2DE5B6E962FD}.Debug|Mixed Platforms.Build.0 = Debug|Any CPU
		{C4BAF0C4-E0D3-4246-9CC0-2DE5B6E962FD}.Release|Any CPU.ActiveCfg = Release|Any CPU
		{C4BAF0C4-E0D3-4246-9CC0-2DE5B6E962FD}.Release|Any CPU.Build.0 = Release|Any CPU
		{C4BAF0C4-E0D3-4246-9CC0-2DE5B6E962FD}.Release|BuildConfig.ActiveCfg = Release|Any CPU
		{C4BAF0C4-E0D3-4246-9CC0-2DE5B6E962FD}.Release|Mixed Platforms.ActiveCfg = Release|Any CPU
		{C4BAF0C4-E0D3-4246-9CC0-2DE5B6E962FD}.Release|Mixed Platforms.Build.0 = Release|Any CPU
	EndGlobalSection
	GlobalSection(SolutionProperties) = preSolution
		HideSolutionNode = FALSE
	EndGlobalSection
EndGlobal
